
Microsoft Visual Studio Solution File, Format Version 12.00
# Visual Studio Version 17
VisualStudioVersion = 17.5.33502.453
MinimumVisualStudioVersion = 10.0.40219.1
Project("{FAE04EC0-301F-11D3-BF4B-00C04F79EFBC}") = "V2rayNCustomizePAC", "V2rayNCustomizePAC.csproj", "{A1D4ECBC-57AA-4A17-BE30-2B20A3978C39}"
EndProject
Global
	GlobalSection(SolutionConfigurationPlatforms) = preSolution
		Debug|Any CPU = Debug|Any CPU
		Release|Any CPU = Release|Any CPU
	EndGlobalSection
	GlobalSection(ProjectConfigurationPlatforms) = postSolution
		{A1D4ECBC-57AA-4A17-BE30-2B20A3978C39}.Debug|Any CPU.ActiveCfg = Debug|Any CPU
		{A1D4ECBC-57AA-4A17-BE30-2B20A3978C39}.Debug|Any CPU.Build.0 = Debug|Any CPU
		{A1D4ECBC-57AA-4A17-BE30-2B20A3978C39}.Release|Any CPU.ActiveCfg = Release|Any CPU
		{A1D4ECBC-57AA-4A17-BE30-2B20A3978C39}.Release|Any CPU.Build.0 = Release|Any CPU
	EndGlobalSection
	GlobalSection(SolutionProperties) = preSolution
		HideSolutionNode = FALSE
	EndGlobalSection
	GlobalSection(ExtensibilityGlobals) = postSolution
		SolutionGuid = {AF9E18CA-ED11-4CE1-852A-3F11F09AA86A}
	EndGlobalSection
EndGlobal
